// !$*UTF8*$!
{
	archiveVersion = 1;
	classes = {
	};
	objectVersion = 50;
	objects = {

/* Begin PBXBuildFile section */
		2834317023578F5E00E9B22B /* DetailViewController.swift in Sources */ = {isa = PBXBuildFile; fileRef = 2834316F23578F5E00E9B22B /* DetailViewController.swift */; };
		283431722359198400E9B22B /* CityData.swift in Sources */ = {isa = PBXBuildFile; fileRef = 283431712359198400E9B22B /* CityData.swift */; };
		2834317423591CA600E9B22B /* CityAPIHelper.swift in Sources */ = {isa = PBXBuildFile; fileRef = 2834317323591CA600E9B22B /* CityAPIHelper.swift */; };
		283431762359250500E9B22B /* CityImage.swift in Sources */ = {isa = PBXBuildFile; fileRef = 283431752359250500E9B22B /* CityImage.swift */; };
		283431782359259F00E9B22B /* PersistenceHelper.swift in Sources */ = {isa = PBXBuildFile; fileRef = 283431772359259F00E9B22B /* PersistenceHelper.swift */; };
		2834317A235925B600E9B22B /* PhotoPersistence.swift in Sources */ = {isa = PBXBuildFile; fileRef = 28343179235925B600E9B22B /* PhotoPersistence.swift */; };
		28348970235943B300839519 /* CityCollectionViewCell.swift in Sources */ = {isa = PBXBuildFile; fileRef = 2834896F235943B300839519 /* CityCollectionViewCell.swift */; };
		28509C662353D7DC002681E5 /* Secrets.swift in Sources */ = {isa = PBXBuildFile; fileRef = 28509C652353D7DC002681E5 /* Secrets.swift */; };
		28509C682353DE91002681E5 /* FavoritesViewController.swift in Sources */ = {isa = PBXBuildFile; fileRef = 28509C672353DE91002681E5 /* FavoritesViewController.swift */; };
		28509C6A2353E1F1002681E5 /* WeatherCollectionViewCell.swift in Sources */ = {isa = PBXBuildFile; fileRef = 28509C692353E1F1002681E5 /* WeatherCollectionViewCell.swift */; };
		28509C6C2353FD16002681E5 /* UserDefaults.swift in Sources */ = {isa = PBXBuildFile; fileRef = 28509C6B2353FD16002681E5 /* UserDefaults.swift */; };
		28D1639C2353644700FE2E54 /* AppDelegate.swift in Sources */ = {isa = PBXBuildFile; fileRef = 28D1639B2353644700FE2E54 /* AppDelegate.swift */; };
		28D1639E2353644700FE2E54 /* SceneDelegate.swift in Sources */ = {isa = PBXBuildFile; fileRef = 28D1639D2353644700FE2E54 /* SceneDelegate.swift */; };
		28D163A02353644700FE2E54 /* ViewController.swift in Sources */ = {isa = PBXBuildFile; fileRef = 28D1639F2353644700FE2E54 /* ViewController.swift */; };
		28D163A52353644800FE2E54 /* Assets.xcassets in Resources */ = {isa = PBXBuildFile; fileRef = 28D163A42353644800FE2E54 /* Assets.xcassets */; };
		28D163A82353644800FE2E54 /* LaunchScreen.storyboard in Resources */ = {isa = PBXBuildFile; fileRef = 28D163A62353644800FE2E54 /* LaunchScreen.storyboard */; };
		28D163B32353644800FE2E54 /* Weather_AppTests.swift in Sources */ = {isa = PBXBuildFile; fileRef = 28D163B22353644800FE2E54 /* Weather_AppTests.swift */; };
		28D163BE2353BEC200FE2E54 /* ImageHelper.swift in Sources */ = {isa = PBXBuildFile; fileRef = 28D163BD2353BEC200FE2E54 /* ImageHelper.swift */; };
		28D163C02353BEE600FE2E54 /* NetworkHelper.swift in Sources */ = {isa = PBXBuildFile; fileRef = 28D163BF2353BEE600FE2E54 /* NetworkHelper.swift */; };
		28D163C22353BF0000FE2E54 /* WeatherAPIClient.swift in Sources */ = {isa = PBXBuildFile; fileRef = 28D163C12353BF0000FE2E54 /* WeatherAPIClient.swift */; };
		28D163C42353BF1400FE2E54 /* AppError.swift in Sources */ = {isa = PBXBuildFile; fileRef = 28D163C32353BF1400FE2E54 /* AppError.swift */; };
		28D163C72353C81800FE2E54 /* Weather.swift in Sources */ = {isa = PBXBuildFile; fileRef = 28D163C62353C81800FE2E54 /* Weather.swift */; };
/* End PBXBuildFile section */

/* Begin PBXContainerItemProxy section */
		28D163AF2353644800FE2E54 /* PBXContainerItemProxy */ = {
			isa = PBXContainerItemProxy;
			containerPortal = 28D163902353644700FE2E54 /* Project object */;
			proxyType = 1;
			remoteGlobalIDString = 28D163972353644700FE2E54;
			remoteInfo = "Weather App";
		};
/* End PBXContainerItemProxy section */

/* Begin PBXFileReference section */
		2834316F23578F5E00E9B22B /* DetailViewController.swift */ = {isa = PBXFileReference; lastKnownFileType = sourcecode.swift; path = DetailViewController.swift; sourceTree = "<group>"; };
		283431712359198400E9B22B /* CityData.swift */ = {isa = PBXFileReference; lastKnownFileType = sourcecode.swift; path = CityData.swift; sourceTree = "<group>"; };
		2834317323591CA600E9B22B /* CityAPIHelper.swift */ = {isa = PBXFileReference; lastKnownFileType = sourcecode.swift; path = CityAPIHelper.swift; sourceTree = "<group>"; };
		283431752359250500E9B22B /* CityImage.swift */ = {isa = PBXFileReference; lastKnownFileType = sourcecode.swift; path = CityImage.swift; sourceTree = "<group>"; };
		283431772359259F00E9B22B /* PersistenceHelper.swift */ = {isa = PBXFileReference; lastKnownFileType = sourcecode.swift; path = PersistenceHelper.swift; sourceTree = "<group>"; };
		28343179235925B600E9B22B /* PhotoPersistence.swift */ = {isa = PBXFileReference; lastKnownFileType = sourcecode.swift; path = PhotoPersistence.swift; sourceTree = "<group>"; };
		2834896F235943B300839519 /* CityCollectionViewCell.swift */ = {isa = PBXFileReference; lastKnownFileType = sourcecode.swift; path = CityCollectionViewCell.swift; sourceTree = "<group>"; };
		28509C652353D7DC002681E5 /* Secrets.swift */ = {isa = PBXFileReference; lastKnownFileType = sourcecode.swift; path = Secrets.swift; sourceTree = "<group>"; };
		28509C672353DE91002681E5 /* FavoritesViewController.swift */ = {isa = PBXFileReference; lastKnownFileType = sourcecode.swift; path = FavoritesViewController.swift; sourceTree = "<group>"; };
		28509C692353E1F1002681E5 /* WeatherCollectionViewCell.swift */ = {isa = PBXFileReference; lastKnownFileType = sourcecode.swift; path = WeatherCollectionViewCell.swift; sourceTree = "<group>"; };
		28509C6B2353FD16002681E5 /* UserDefaults.swift */ = {isa = PBXFileReference; lastKnownFileType = sourcecode.swift; path = UserDefaults.swift; sourceTree = "<group>"; };
		28D163982353644700FE2E54 /* Weather App.app */ = {isa = PBXFileReference; explicitFileType = wrapper.application; includeInIndex = 0; path = "Weather App.app"; sourceTree = BUILT_PRODUCTS_DIR; };
		28D1639B2353644700FE2E54 /* AppDelegate.swift */ = {isa = PBXFileReference; lastKnownFileType = sourcecode.swift; path = AppDelegate.swift; sourceTree = "<group>"; };
		28D1639D2353644700FE2E54 /* SceneDelegate.swift */ = {isa = PBXFileReference; lastKnownFileType = sourcecode.swift; path = SceneDelegate.swift; sourceTree = "<group>"; };
		28D1639F2353644700FE2E54 /* ViewController.swift */ = {isa = PBXFileReference; lastKnownFileType = sourcecode.swift; path = ViewController.swift; sourceTree = "<group>"; };
		28D163A42353644800FE2E54 /* Assets.xcassets */ = {isa = PBXFileReference; lastKnownFileType = folder.assetcatalog; path = Assets.xcassets; sourceTree = "<group>"; };
		28D163A72353644800FE2E54 /* Base */ = {isa = PBXFileReference; lastKnownFileType = file.storyboard; name = Base; path = Base.lproj/LaunchScreen.storyboard; sourceTree = "<group>"; };
		28D163A92353644800FE2E54 /* Info.plist */ = {isa = PBXFileReference; lastKnownFileType = text.plist.xml; path = Info.plist; sourceTree = "<group>"; };
		28D163AE2353644800FE2E54 /* Weather AppTests.xctest */ = {isa = PBXFileReference; explicitFileType = wrapper.cfbundle; includeInIndex = 0; path = "Weather AppTests.xctest"; sourceTree = BUILT_PRODUCTS_DIR; };
		28D163B22353644800FE2E54 /* Weather_AppTests.swift */ = {isa = PBXFileReference; lastKnownFileType = sourcecode.swift; path = Weather_AppTests.swift; sourceTree = "<group>"; };
		28D163B42353644800FE2E54 /* Info.plist */ = {isa = PBXFileReference; lastKnownFileType = text.plist.xml; path = Info.plist; sourceTree = "<group>"; };
		28D163BD2353BEC200FE2E54 /* ImageHelper.swift */ = {isa = PBXFileReference; lastKnownFileType = sourcecode.swift; path = ImageHelper.swift; sourceTree = "<group>"; };
		28D163BF2353BEE600FE2E54 /* NetworkHelper.swift */ = {isa = PBXFileReference; lastKnownFileType = sourcecode.swift; path = NetworkHelper.swift; sourceTree = "<group>"; };
		28D163C12353BF0000FE2E54 /* WeatherAPIClient.swift */ = {isa = PBXFileReference; lastKnownFileType = sourcecode.swift; path = WeatherAPIClient.swift; sourceTree = "<group>"; };
		28D163C32353BF1400FE2E54 /* AppError.swift */ = {isa = PBXFileReference; lastKnownFileType = sourcecode.swift; path = AppError.swift; sourceTree = "<group>"; };
		28D163C62353C81800FE2E54 /* Weather.swift */ = {isa = PBXFileReference; lastKnownFileType = sourcecode.swift; path = Weather.swift; sourceTree = "<group>"; };
/* End PBXFileReference section */

/* Begin PBXFrameworksBuildPhase section */
		28D163952353644700FE2E54 /* Frameworks */ = {
			isa = PBXFrameworksBuildPhase;
			buildActionMask = 2147483647;
			files = (
			);
			runOnlyForDeploymentPostprocessing = 0;
		};
		28D163AB2353644800FE2E54 /* Frameworks */ = {
			isa = PBXFrameworksBuildPhase;
			buildActionMask = 2147483647;
			files = (
			);
			runOnlyForDeploymentPostprocessing = 0;
		};
/* End PBXFrameworksBuildPhase section */

/* Begin PBXGroup section */
		2834317B235925C200E9B22B /* Persistence */ = {
			isa = PBXGroup;
			children = (
				283431772359259F00E9B22B /* PersistenceHelper.swift */,
				28343179235925B600E9B22B /* PhotoPersistence.swift */,
			);
			path = Persistence;
			sourceTree = "<group>";
		};
		28509C642353D7C8002681E5 /* Secrets */ = {
			isa = PBXGroup;
			children = (
				28509C652353D7DC002681E5 /* Secrets.swift */,
			);
			path = Secrets;
			sourceTree = "<group>";
		};
		28509CC9235773A7002681E5 /* Controllers */ = {
			isa = PBXGroup;
			children = (
				28D1639F2353644700FE2E54 /* ViewController.swift */,
				2834316F23578F5E00E9B22B /* DetailViewController.swift */,
				28509C672353DE91002681E5 /* FavoritesViewController.swift */,
			);
			path = Controllers;
			sourceTree = "<group>";
		};
		28509CCA235773C1002681E5 /* Models */ = {
			isa = PBXGroup;
			children = (
				28D163C62353C81800FE2E54 /* Weather.swift */,
				283431712359198400E9B22B /* CityData.swift */,
				283431752359250500E9B22B /* CityImage.swift */,
				28509C6B2353FD16002681E5 /* UserDefaults.swift */,
			);
			path = Models;
			sourceTree = "<group>";
		};
		28509CCB235773EB002681E5 /* Cells */ = {
			isa = PBXGroup;
			children = (
				28509C692353E1F1002681E5 /* WeatherCollectionViewCell.swift */,
				2834896F235943B300839519 /* CityCollectionViewCell.swift */,
			);
			path = Cells;
			sourceTree = "<group>";
		};
		28D1638F2353644700FE2E54 = {
			isa = PBXGroup;
			children = (
				28D1639A2353644700FE2E54 /* Weather App */,
				28D163B12353644800FE2E54 /* Weather AppTests */,
				28D163992353644700FE2E54 /* Products */,
			);
			sourceTree = "<group>";
		};
		28D163992353644700FE2E54 /* Products */ = {
			isa = PBXGroup;
			children = (
				28D163982353644700FE2E54 /* Weather App.app */,
				28D163AE2353644800FE2E54 /* Weather AppTests.xctest */,
			);
			name = Products;
			sourceTree = "<group>";
		};
		28D1639A2353644700FE2E54 /* Weather App */ = {
			isa = PBXGroup;
			children = (
				28D1639B2353644700FE2E54 /* AppDelegate.swift */,
				28D1639D2353644700FE2E54 /* SceneDelegate.swift */,
				28509CCB235773EB002681E5 /* Cells */,
				28509C642353D7C8002681E5 /* Secrets */,
				28509CC9235773A7002681E5 /* Controllers */,
				28509CCA235773C1002681E5 /* Models */,
				2834317B235925C200E9B22B /* Persistence */,
				28D163C52353BF2200FE2E54 /* Networking */,
				28D163A42353644800FE2E54 /* Assets.xcassets */,
				28D163A62353644800FE2E54 /* LaunchScreen.storyboard */,
				28D163A92353644800FE2E54 /* Info.plist */,
			);
			path = "Weather App";
			sourceTree = "<group>";
		};
		28D163B12353644800FE2E54 /* Weather AppTests */ = {
			isa = PBXGroup;
			children = (
				28D163B22353644800FE2E54 /* Weather_AppTests.swift */,
				28D163B42353644800FE2E54 /* Info.plist */,
			);
			path = "Weather AppTests";
			sourceTree = "<group>";
		};
		28D163C52353BF2200FE2E54 /* Networking */ = {
			isa = PBXGroup;
			children = (
				28D163BF2353BEE600FE2E54 /* NetworkHelper.swift */,
				28D163C12353BF0000FE2E54 /* WeatherAPIClient.swift */,
				2834317323591CA600E9B22B /* CityAPIHelper.swift */,
				28D163BD2353BEC200FE2E54 /* ImageHelper.swift */,
				28D163C32353BF1400FE2E54 /* AppError.swift */,
			);
			path = Networking;
			sourceTree = "<group>";
		};
/* End PBXGroup section */

/* Begin PBXNativeTarget section */
		28D163972353644700FE2E54 /* Weather App */ = {
			isa = PBXNativeTarget;
			buildConfigurationList = 28D163B72353644800FE2E54 /* Build configuration list for PBXNativeTarget "Weather App" */;
			buildPhases = (
				28D163942353644700FE2E54 /* Sources */,
				28D163952353644700FE2E54 /* Frameworks */,
				28D163962353644700FE2E54 /* Resources */,
			);
			buildRules = (
			);
			dependencies = (
			);
			name = "Weather App";
			productName = "Weather App";
			productReference = 28D163982353644700FE2E54 /* Weather App.app */;
			productType = "com.apple.product-type.application";
		};
		28D163AD2353644800FE2E54 /* Weather AppTests */ = {
			isa = PBXNativeTarget;
			buildConfigurationList = 28D163BA2353644800FE2E54 /* Build configuration list for PBXNativeTarget "Weather AppTests" */;
			buildPhases = (
				28D163AA2353644800FE2E54 /* Sources */,
				28D163AB2353644800FE2E54 /* Frameworks */,
				28D163AC2353644800FE2E54 /* Resources */,
			);
			buildRules = (
			);
			dependencies = (
				28D163B02353644800FE2E54 /* PBXTargetDependency */,
			);
			name = "Weather AppTests";
			productName = "Weather AppTests";
			productReference = 28D163AE2353644800FE2E54 /* Weather AppTests.xctest */;
			productType = "com.apple.product-type.bundle.unit-test";
		};
/* End PBXNativeTarget section */

/* Begin PBXProject section */
		28D163902353644700FE2E54 /* Project object */ = {
			isa = PBXProject;
			attributes = {
				LastSwiftUpdateCheck = 1100;
				LastUpgradeCheck = 1100;
				ORGANIZATIONNAME = "Michelle Cueva";
				TargetAttributes = {
					28D163972353644700FE2E54 = {
						CreatedOnToolsVersion = 11.0;
					};
					28D163AD2353644800FE2E54 = {
						CreatedOnToolsVersion = 11.0;
						TestTargetID = 28D163972353644700FE2E54;
					};
				};
			};
			buildConfigurationList = 28D163932353644700FE2E54 /* Build configuration list for PBXProject "Weather App" */;
			compatibilityVersion = "Xcode 9.3";
			developmentRegion = en;
			hasScannedForEncodings = 0;
			knownRegions = (
				en,
				Base,
			);
			mainGroup = 28D1638F2353644700FE2E54;
			productRefGroup = 28D163992353644700FE2E54 /* Products */;
			projectDirPath = "";
			projectRoot = "";
			targets = (
				28D163972353644700FE2E54 /* Weather App */,
				28D163AD2353644800FE2E54 /* Weather AppTests */,
			);
		};
/* End PBXProject section */

/* Begin PBXResourcesBuildPhase section */
		28D163962353644700FE2E54 /* Resources */ = {
			isa = PBXResourcesBuildPhase;
			buildActionMask = 2147483647;
			files = (
				28D163A82353644800FE2E54 /* LaunchScreen.storyboard in Resources */,
				28D163A52353644800FE2E54 /* Assets.xcassets in Resources */,
			);
			runOnlyForDeploymentPostprocessing = 0;
		};
		28D163AC2353644800FE2E54 /* Resources */ = {
			isa = PBXResourcesBuildPhase;
			buildActionMask = 2147483647;
			files = (
			);
			runOnlyForDeploymentPostprocessing = 0;
		};
/* End PBXResourcesBuildPhase section */

/* Begin PBXSourcesBuildPhase section */
		28D163942353644700FE2E54 /* Sources */ = {
			isa = PBXSourcesBuildPhase;
			buildActionMask = 2147483647;
			files = (
				2834317023578F5E00E9B22B /* DetailViewController.swift in Sources */,
				28D163C72353C81800FE2E54 /* Weather.swift in Sources */,
				28509C6C2353FD16002681E5 /* UserDefaults.swift in Sources */,
				28509C662353D7DC002681E5 /* Secrets.swift in Sources */,
				28509C6A2353E1F1002681E5 /* WeatherCollectionViewCell.swift in Sources */,
				2834317423591CA600E9B22B /* CityAPIHelper.swift in Sources */,
				283431762359250500E9B22B /* CityImage.swift in Sources */,
				283431782359259F00E9B22B /* PersistenceHelper.swift in Sources */,
				28D163C22353BF0000FE2E54 /* WeatherAPIClient.swift in Sources */,
				28D163A02353644700FE2E54 /* ViewController.swift in Sources */,
				28D1639C2353644700FE2E54 /* AppDelegate.swift in Sources */,
				283431722359198400E9B22B /* CityData.swift in Sources */,
				2834317A235925B600E9B22B /* PhotoPersistence.swift in Sources */,
				28D163C02353BEE600FE2E54 /* NetworkHelper.swift in Sources */,
				28D1639E2353644700FE2E54 /* SceneDelegate.swift in Sources */,
				28348970235943B300839519 /* CityCollectionViewCell.swift in Sources */,
				28D163BE2353BEC200FE2E54 /* ImageHelper.swift in Sources */,
				28509C682353DE91002681E5 /* FavoritesViewController.swift in Sources */,
				28D163C42353BF1400FE2E54 /* AppError.swift in Sources */,
			);
			runOnlyForDeploymentPostprocessing = 0;
		};
		28D163AA2353644800FE2E54 /* Sources */ = {
			isa = PBXSourcesBuildPhase;
			buildActionMask = 2147483647;
			files = (
				28D163B32353644800FE2E54 /* Weather_AppTests.swift in Sources */,
			);
			runOnlyForDeploymentPostprocessing = 0;
		};
/* End PBXSourcesBuildPhase section */

/* Begin PBXTargetDependency section */
		28D163B02353644800FE2E54 /* PBXTargetDependency */ = {
			isa = PBXTargetDependency;
			target = 28D163972353644700FE2E54 /* Weather App */;
			targetProxy = 28D163AF2353644800FE2E54 /* PBXContainerItemProxy */;
		};
/* End PBXTargetDependency section */

/* Begin PBXVariantGroup section */
		28D163A62353644800FE2E54 /* LaunchScreen.storyboard */ = {
			isa = PBXVariantGroup;
			children = (
				28D163A72353644800FE2E54 /* Base */,
			);
			name = LaunchScreen.storyboard;
			sourceTree = "<group>";
		};
/* End PBXVariantGroup section */

/* Begin XCBuildConfiguration section */
		28D163B52353644800FE2E54 /* Debug */ = {
			isa = XCBuildConfiguration;
			buildSettings = {
				ALWAYS_SEARCH_USER_PATHS = NO;
				CLANG_ANALYZER_NONNULL = YES;
				CLANG_ANALYZER_NUMBER_OBJECT_CONVERSION = YES_AGGRESSIVE;
				CLANG_CXX_LANGUAGE_STANDARD = "gnu++14";
				CLANG_CXX_LIBRARY = "libc++";
				CLANG_ENABLE_MODULES = YES;
				CLANG_ENABLE_OBJC_ARC = YES;
				CLANG_ENABLE_OBJC_WEAK = YES;
				CLANG_WARN_BLOCK_CAPTURE_AUTORELEASING = YES;
				CLANG_WARN_BOOL_CONVERSION = YES;
				CLANG_WARN_COMMA = YES;
				CLANG_WARN_CONSTANT_CONVERSION = YES;
				CLANG_WARN_DEPRECATED_OBJC_IMPLEMENTATIONS = YES;
				CLANG_WARN_DIRECT_OBJC_ISA_USAGE = YES_ERROR;
				CLANG_WARN_DOCUMENTATION_COMMENTS = YES;
				CLANG_WARN_EMPTY_BODY = YES;
				CLANG_WARN_ENUM_CONVERSION = YES;
				CLANG_WARN_INFINITE_RECURSION = YES;
				CLANG_WARN_INT_CONVERSION = YES;
				CLANG_WARN_NON_LITERAL_NULL_CONVERSION = YES;
				CLANG_WARN_OBJC_IMPLICIT_RETAIN_SELF = YES;
				CLANG_WARN_OBJC_LITERAL_CONVERSION = YES;
				CLANG_WARN_OBJC_ROOT_CLASS = YES_ERROR;
				CLANG_WARN_RANGE_LOOP_ANALYSIS = YES;
				CLANG_WARN_STRICT_PROTOTYPES = YES;
				CLANG_WARN_SUSPICIOUS_MOVE = YES;
				CLANG_WARN_UNGUARDED_AVAILABILITY = YES_AGGRESSIVE;
				CLANG_WARN_UNREACHABLE_CODE = YES;
				CLANG_WARN__DUPLICATE_METHOD_MATCH = YES;
				COPY_PHASE_STRIP = NO;
				DEBUG_INFORMATION_FORMAT = dwarf;
				ENABLE_STRICT_OBJC_MSGSEND = YES;
				ENABLE_TESTABILITY = YES;
				GCC_C_LANGUAGE_STANDARD = gnu11;
				GCC_DYNAMIC_NO_PIC = NO;
				GCC_NO_COMMON_BLOCKS = YES;
				GCC_OPTIMIZATION_LEVEL = 0;
				GCC_PREPROCESSOR_DEFINITIONS = (
					"DEBUG=1",
					"$(inherited)",
				);
				GCC_WARN_64_TO_32_BIT_CONVERSION = YES;
				GCC_WARN_ABOUT_RETURN_TYPE = YES_ERROR;
				GCC_WARN_UNDECLARED_SELECTOR = YES;
				GCC_WARN_UNINITIALIZED_AUTOS = YES_AGGRESSIVE;
				GCC_WARN_UNUSED_FUNCTION = YES;
				GCC_WARN_UNUSED_VARIABLE = YES;
				IPHONEOS_DEPLOYMENT_TARGET = 13.0;
				MTL_ENABLE_DEBUG_INFO = INCLUDE_SOURCE;
				MTL_FAST_MATH = YES;
				ONLY_ACTIVE_ARCH = YES;
				SDKROOT = iphoneos;
				SWIFT_ACTIVE_COMPILATION_CONDITIONS = DEBUG;
				SWIFT_OPTIMIZATION_LEVEL = "-Onone";
			};
			name = Debug;
		};
		28D163B62353644800FE2E54 /* Release */ = {
			isa = XCBuildConfiguration;
			buildSettings = {
				ALWAYS_SEARCH_USER_PATHS = NO;
				CLANG_ANALYZER_NONNULL = YES;
				CLANG_ANALYZER_NUMBER_OBJECT_CONVERSION = YES_AGGRESSIVE;
				CLANG_CXX_LANGUAGE_STANDARD = "gnu++14";
				CLANG_CXX_LIBRARY = "libc++";
				CLANG_ENABLE_MODULES = YES;
				CLANG_ENABLE_OBJC_ARC = YES;
				CLANG_ENABLE_OBJC_WEAK = YES;
				CLANG_WARN_BLOCK_CAPTURE_AUTORELEASING = YES;
				CLANG_WARN_BOOL_CONVERSION = YES;
				CLANG_WARN_COMMA = YES;
				CLANG_WARN_CONSTANT_CONVERSION = YES;
				CLANG_WARN_DEPRECATED_OBJC_IMPLEMENTATIONS = YES;
				CLANG_WARN_DIRECT_OBJC_ISA_USAGE = YES_ERROR;
				CLANG_WARN_DOCUMENTATION_COMMENTS = YES;
				CLANG_WARN_EMPTY_BODY = YES;
				CLANG_WARN_ENUM_CONVERSION = YES;
				CLANG_WARN_INFINITE_RECURSION = YES;
				CLANG_WARN_INT_CONVERSION = YES;
				CLANG_WARN_NON_LITERAL_NULL_CONVERSION = YES;
				CLANG_WARN_OBJC_IMPLICIT_RETAIN_SELF = YES;
				CLANG_WARN_OBJC_LITERAL_CONVERSION = YES;
				CLANG_WARN_OBJC_ROOT_CLASS = YES_ERROR;
				CLANG_WARN_RANGE_LOOP_ANALYSIS = YES;
				CLANG_WARN_STRICT_PROTOTYPES = YES;
				CLANG_WARN_SUSPICIOUS_MOVE = YES;
				CLANG_WARN_UNGUARDED_AVAILABILITY = YES_AGGRESSIVE;
				CLANG_WARN_UNREACHABLE_CODE = YES;
				CLANG_WARN__DUPLICATE_METHOD_MATCH = YES;
				COPY_PHASE_STRIP = NO;
				DEBUG_INFORMATION_FORMAT = "dwarf-with-dsym";
				ENABLE_NS_ASSERTIONS = NO;
				ENABLE_STRICT_OBJC_MSGSEND = YES;
				GCC_C_LANGUAGE_STANDARD = gnu11;
				GCC_NO_COMMON_BLOCKS = YES;
				GCC_WARN_64_TO_32_BIT_CONVERSION = YES;
				GCC_WARN_ABOUT_RETURN_TYPE = YES_ERROR;
				GCC_WARN_UNDECLARED_SELECTOR = YES;
				GCC_WARN_UNINITIALIZED_AUTOS = YES_AGGRESSIVE;
				GCC_WARN_UNUSED_FUNCTION = YES;
				GCC_WARN_UNUSED_VARIABLE = YES;
				IPHONEOS_DEPLOYMENT_TARGET = 13.0;
				MTL_ENABLE_DEBUG_INFO = NO;
				MTL_FAST_MATH = YES;
				SDKROOT = iphoneos;
				SWIFT_COMPILATION_MODE = wholemodule;
				SWIFT_OPTIMIZATION_LEVEL = "-O";
				VALIDATE_PRODUCT = YES;
			};
			name = Release;
		};
		28D163B82353644800FE2E54 /* Debug */ = {
			isa = XCBuildConfiguration;
			buildSettings = {
				ASSETCATALOG_COMPILER_APPICON_NAME = AppIcon;
				CODE_SIGN_STYLE = Automatic;
				INFOPLIST_FILE = "Weather App/Info.plist";
				LD_RUNPATH_SEARCH_PATHS = (
					"$(inherited)",
					"@executable_path/Frameworks",
				);
				PRODUCT_BUNDLE_IDENTIFIER = "Michelle.Weather-App";
				PRODUCT_NAME = "$(TARGET_NAME)";
				SWIFT_VERSION = 5.0;
				TARGETED_DEVICE_FAMILY = "1,2";
			};
			name = Debug;
		};
		28D163B92353644800FE2E54 /* Release */ = {
			isa = XCBuildConfiguration;
			buildSettings = {
				ASSETCATALOG_COMPILER_APPICON_NAME = AppIcon;
				CODE_SIGN_STYLE = Automatic;
				INFOPLIST_FILE = "Weather App/Info.plist";
				LD_RUNPATH_SEARCH_PATHS = (
					"$(inherited)",
					"@executable_path/Frameworks",
				);
				PRODUCT_BUNDLE_IDENTIFIER = "Michelle.Weather-App";
				PRODUCT_NAME = "$(TARGET_NAME)";
				SWIFT_VERSION = 5.0;
				TARGETED_DEVICE_FAMILY = "1,2";
			};
			name = Release;
		};
		28D163BB2353644800FE2E54 /* Debug */ = {
			isa = XCBuildConfiguration;
			buildSettings = {
				ALWAYS_EMBED_SWIFT_STANDARD_LIBRARIES = YES;
				BUNDLE_LOADER = "$(TEST_HOST)";
				CODE_SIGN_STYLE = Automatic;
				INFOPLIST_FILE = "Weather AppTests/Info.plist";
				IPHONEOS_DEPLOYMENT_TARGET = 13.0;
				LD_RUNPATH_SEARCH_PATHS = (
					"$(inherited)",
					"@executable_path/Frameworks",
					"@loader_path/Frameworks",
				);
				PRODUCT_BUNDLE_IDENTIFIER = "Michelle.Weather-AppTests";
				PRODUCT_NAME = "$(TARGET_NAME)";
				SWIFT_VERSION = 5.0;
				TARGETED_DEVICE_FAMILY = "1,2";
				TEST_HOST = "$(BUILT_PRODUCTS_DIR)/Weather App.app/Weather App";
			};
			name = Debug;
		};
		28D163BC2353644800FE2E54 /* Release */ = {
			isa = XCBuildConfiguration;
			buildSettings = {
				ALWAYS_EMBED_SWIFT_STANDARD_LIBRARIES = YES;
				BUNDLE_LOADER = "$(TEST_HOST)";
				CODE_SIGN_STYLE = Automatic;
				INFOPLIST_FILE = "Weather AppTests/Info.plist";
				IPHONEOS_DEPLOYMENT_TARGET = 13.0;
				LD_RUNPATH_SEARCH_PATHS = (
					"$(inherited)",
					"@executable_path/Frameworks",
					"@loader_path/Frameworks",
				);
				PRODUCT_BUNDLE_IDENTIFIER = "Michelle.Weather-AppTests";
				PRODUCT_NAME = "$(TARGET_NAME)";
				SWIFT_VERSION = 5.0;
				TARGETED_DEVICE_FAMILY = "1,2";
				TEST_HOST = "$(BUILT_PRODUCTS_DIR)/Weather App.app/Weather App";
			};
			name = Release;
		};
/* End XCBuildConfiguration section */

/* Begin XCConfigurationList section */
		28D163932353644700FE2E54 /* Build configuration list for PBXProject "Weather App" */ = {
			isa = XCConfigurationList;
			buildConfigurations = (
				28D163B52353644800FE2E54 /* Debug */,
				28D163B62353644800FE2E54 /* Release */,
			);
			defaultConfigurationIsVisible = 0;
			defaultConfigurationName = Release;
		};
		28D163B72353644800FE2E54 /* Build configuration list for PBXNativeTarget "Weather App" */ = {
			isa = XCConfigurationList;
			buildConfigurations = (
				28D163B82353644800FE2E54 /* Debug */,
				28D163B92353644800FE2E54 /* Release */,
			);
			defaultConfigurationIsVisible = 0;
			defaultConfigurationName = Release;
		};
		28D163BA2353644800FE2E54 /* Build configuration list for PBXNativeTarget "Weather AppTests" */ = {
			isa = XCConfigurationList;
			buildConfigurations = (
				28D163BB2353644800FE2E54 /* Debug */,
				28D163BC2353644800FE2E54 /* Release */,
			);
			defaultConfigurationIsVisible = 0;
			defaultConfigurationName = Release;
		};
/* End XCConfigurationList section */
	};
	rootObject = 28D163902353644700FE2E54 /* Project object */;
}
